
Microsoft Visual Studio Solution File, Format Version 12.00
# Visual Studio Version 17
VisualStudioVersion = 17.1.32210.238
MinimumVisualStudioVersion = 10.0.40219.1
Project("{FAE04EC0-301F-11D3-BF4B-00C04F79EFBC}") = "l7t13", "l7t13.csproj", "{8FF08043-FCA0-4D01-AD3F-8F43325AE775}"
EndProject
Global
	GlobalSection(SolutionConfigurationPlatforms) = preSolution
		Debug|Any CPU = Debug|Any CPU
		Release|Any CPU = Release|Any CPU
	EndGlobalSection
	GlobalSection(ProjectConfigurationPlatforms) = postSolution
		{8FF08043-FCA0-4D01-AD3F-8F43325AE775}.Debug|Any CPU.ActiveCfg = Debug|Any CPU
		{8FF08043-FCA0-4D01-AD3F-8F43325AE775}.Debug|Any CPU.Build.0 = Debug|Any CPU
		{8FF08043-FCA0-4D01-AD3F-8F43325AE775}.Release|Any CPU.ActiveCfg = Release|Any CPU
		{8FF08043-FCA0-4D01-AD3F-8F43325AE775}.Release|Any CPU.Build.0 = Release|Any CPU
	EndGlobalSection
	GlobalSection(SolutionProperties) = preSolution
		HideSolutionNode = FALSE
	EndGlobalSection
	GlobalSection(ExtensibilityGlobals) = postSolution
		SolutionGuid = {CB924AAA-7605-44E1-900C-8FF00411FFAD}
	EndGlobalSection
EndGlobal
