
Microsoft Visual Studio Solution File, Format Version 12.00
# Visual Studio Version 17
VisualStudioVersion = 17.1.32210.238
MinimumVisualStudioVersion = 10.0.40219.1
Project("{FAE04EC0-301F-11D3-BF4B-00C04F79EFBC}") = "l6t2", "l6t2.csproj", "{0ACEE8A3-36A3-4E6E-BD65-447ABE33D11F}"
EndProject
Global
	GlobalSection(SolutionConfigurationPlatforms) = preSolution
		Debug|Any CPU = Debug|Any CPU
		Release|Any CPU = Release|Any CPU
	EndGlobalSection
	GlobalSection(ProjectConfigurationPlatforms) = postSolution
		{0ACEE8A3-36A3-4E6E-BD65-447ABE33D11F}.Debug|Any CPU.ActiveCfg = Debug|Any CPU
		{0ACEE8A3-36A3-4E6E-BD65-447ABE33D11F}.Debug|Any CPU.Build.0 = Debug|Any CPU
		{0ACEE8A3-36A3-4E6E-BD65-447ABE33D11F}.Release|Any CPU.ActiveCfg = Release|Any CPU
		{0ACEE8A3-36A3-4E6E-BD65-447ABE33D11F}.Release|Any CPU.Build.0 = Release|Any CPU
	EndGlobalSection
	GlobalSection(SolutionProperties) = preSolution
		HideSolutionNode = FALSE
	EndGlobalSection
	GlobalSection(ExtensibilityGlobals) = postSolution
		SolutionGuid = {77F09CCD-F749-49FF-9974-B829C43CD4DD}
	EndGlobalSection
EndGlobal
