
Microsoft Visual Studio Solution File, Format Version 12.00
# Visual Studio Version 17
VisualStudioVersion = 17.1.32210.238
MinimumVisualStudioVersion = 10.0.40219.1
Project("{FAE04EC0-301F-11D3-BF4B-00C04F79EFBC}") = "l5t2", "l5t2.csproj", "{C4A9566F-5CD3-4B7C-A7D2-7E74E7B29BAA}"
EndProject
Global
	GlobalSection(SolutionConfigurationPlatforms) = preSolution
		Debug|Any CPU = Debug|Any CPU
		Release|Any CPU = Release|Any CPU
	EndGlobalSection
	GlobalSection(ProjectConfigurationPlatforms) = postSolution
		{C4A9566F-5CD3-4B7C-A7D2-7E74E7B29BAA}.Debug|Any CPU.ActiveCfg = Debug|Any CPU
		{C4A9566F-5CD3-4B7C-A7D2-7E74E7B29BAA}.Debug|Any CPU.Build.0 = Debug|Any CPU
		{C4A9566F-5CD3-4B7C-A7D2-7E74E7B29BAA}.Release|Any CPU.ActiveCfg = Release|Any CPU
		{C4A9566F-5CD3-4B7C-A7D2-7E74E7B29BAA}.Release|Any CPU.Build.0 = Release|Any CPU
	EndGlobalSection
	GlobalSection(SolutionProperties) = preSolution
		HideSolutionNode = FALSE
	EndGlobalSection
	GlobalSection(ExtensibilityGlobals) = postSolution
		SolutionGuid = {2C2B26E6-A130-4A02-BD98-0AD9F549D4D1}
	EndGlobalSection
EndGlobal
