
Microsoft Visual Studio Solution File, Format Version 12.00
# Visual Studio Version 17
VisualStudioVersion = 17.1.32210.238
MinimumVisualStudioVersion = 10.0.40219.1
Project("{FAE04EC0-301F-11D3-BF4B-00C04F79EFBC}") = "l4t20", "l4t20.csproj", "{642B5E60-731A-40BA-9403-BFC5A6351BA3}"
EndProject
Global
	GlobalSection(SolutionConfigurationPlatforms) = preSolution
		Debug|Any CPU = Debug|Any CPU
		Release|Any CPU = Release|Any CPU
	EndGlobalSection
	GlobalSection(ProjectConfigurationPlatforms) = postSolution
		{642B5E60-731A-40BA-9403-BFC5A6351BA3}.Debug|Any CPU.ActiveCfg = Debug|Any CPU
		{642B5E60-731A-40BA-9403-BFC5A6351BA3}.Debug|Any CPU.Build.0 = Debug|Any CPU
		{642B5E60-731A-40BA-9403-BFC5A6351BA3}.Release|Any CPU.ActiveCfg = Release|Any CPU
		{642B5E60-731A-40BA-9403-BFC5A6351BA3}.Release|Any CPU.Build.0 = Release|Any CPU
	EndGlobalSection
	GlobalSection(SolutionProperties) = preSolution
		HideSolutionNode = FALSE
	EndGlobalSection
	GlobalSection(ExtensibilityGlobals) = postSolution
		SolutionGuid = {C9E41A77-6DA8-4B57-AA15-0C6C4511449D}
	EndGlobalSection
EndGlobal
