
Microsoft Visual Studio Solution File, Format Version 12.00
# Visual Studio Version 17
VisualStudioVersion = 17.1.32210.238
MinimumVisualStudioVersion = 10.0.40219.1
Project("{FAE04EC0-301F-11D3-BF4B-00C04F79EFBC}") = "l4t6", "l4t6.csproj", "{94279833-D124-4CE3-A805-2978D72A91E4}"
EndProject
Global
	GlobalSection(SolutionConfigurationPlatforms) = preSolution
		Debug|Any CPU = Debug|Any CPU
		Release|Any CPU = Release|Any CPU
	EndGlobalSection
	GlobalSection(ProjectConfigurationPlatforms) = postSolution
		{94279833-D124-4CE3-A805-2978D72A91E4}.Debug|Any CPU.ActiveCfg = Debug|Any CPU
		{94279833-D124-4CE3-A805-2978D72A91E4}.Debug|Any CPU.Build.0 = Debug|Any CPU
		{94279833-D124-4CE3-A805-2978D72A91E4}.Release|Any CPU.ActiveCfg = Release|Any CPU
		{94279833-D124-4CE3-A805-2978D72A91E4}.Release|Any CPU.Build.0 = Release|Any CPU
	EndGlobalSection
	GlobalSection(SolutionProperties) = preSolution
		HideSolutionNode = FALSE
	EndGlobalSection
	GlobalSection(ExtensibilityGlobals) = postSolution
		SolutionGuid = {6212C5ED-303A-4895-B8FC-D2A462A33A74}
	EndGlobalSection
EndGlobal
