
Microsoft Visual Studio Solution File, Format Version 12.00
# Visual Studio Version 17
VisualStudioVersion = 17.1.32210.238
MinimumVisualStudioVersion = 10.0.40219.1
Project("{FAE04EC0-301F-11D3-BF4B-00C04F79EFBC}") = "l3t24", "l3t24.csproj", "{427F0B28-29C4-4B50-BC4C-203ED82F4EF0}"
EndProject
Global
	GlobalSection(SolutionConfigurationPlatforms) = preSolution
		Debug|Any CPU = Debug|Any CPU
		Release|Any CPU = Release|Any CPU
	EndGlobalSection
	GlobalSection(ProjectConfigurationPlatforms) = postSolution
		{427F0B28-29C4-4B50-BC4C-203ED82F4EF0}.Debug|Any CPU.ActiveCfg = Debug|Any CPU
		{427F0B28-29C4-4B50-BC4C-203ED82F4EF0}.Debug|Any CPU.Build.0 = Debug|Any CPU
		{427F0B28-29C4-4B50-BC4C-203ED82F4EF0}.Release|Any CPU.ActiveCfg = Release|Any CPU
		{427F0B28-29C4-4B50-BC4C-203ED82F4EF0}.Release|Any CPU.Build.0 = Release|Any CPU
	EndGlobalSection
	GlobalSection(SolutionProperties) = preSolution
		HideSolutionNode = FALSE
	EndGlobalSection
	GlobalSection(ExtensibilityGlobals) = postSolution
		SolutionGuid = {BB9BDA59-8236-4E38-B3B1-00BEBFD41273}
	EndGlobalSection
EndGlobal
