
Microsoft Visual Studio Solution File, Format Version 12.00
# Visual Studio Version 17
VisualStudioVersion = 17.1.32210.238
MinimumVisualStudioVersion = 10.0.40219.1
Project("{FAE04EC0-301F-11D3-BF4B-00C04F79EFBC}") = "l6t22", "l6t22.csproj", "{61FD8458-6B47-4937-AD1B-D6D3D64D10B4}"
EndProject
Global
	GlobalSection(SolutionConfigurationPlatforms) = preSolution
		Debug|Any CPU = Debug|Any CPU
		Release|Any CPU = Release|Any CPU
	EndGlobalSection
	GlobalSection(ProjectConfigurationPlatforms) = postSolution
		{61FD8458-6B47-4937-AD1B-D6D3D64D10B4}.Debug|Any CPU.ActiveCfg = Debug|Any CPU
		{61FD8458-6B47-4937-AD1B-D6D3D64D10B4}.Debug|Any CPU.Build.0 = Debug|Any CPU
		{61FD8458-6B47-4937-AD1B-D6D3D64D10B4}.Release|Any CPU.ActiveCfg = Release|Any CPU
		{61FD8458-6B47-4937-AD1B-D6D3D64D10B4}.Release|Any CPU.Build.0 = Release|Any CPU
	EndGlobalSection
	GlobalSection(SolutionProperties) = preSolution
		HideSolutionNode = FALSE
	EndGlobalSection
	GlobalSection(ExtensibilityGlobals) = postSolution
		SolutionGuid = {06D1A176-0A67-45A9-BF7F-A38F50B8A515}
	EndGlobalSection
EndGlobal
