
Microsoft Visual Studio Solution File, Format Version 12.00
# Visual Studio Version 17
VisualStudioVersion = 17.1.32210.238
MinimumVisualStudioVersion = 10.0.40219.1
Project("{FAE04EC0-301F-11D3-BF4B-00C04F79EFBC}") = "l5t29", "l5t29.csproj", "{A612EC21-5381-4A07-9F8A-91870447FCAC}"
EndProject
Global
	GlobalSection(SolutionConfigurationPlatforms) = preSolution
		Debug|Any CPU = Debug|Any CPU
		Release|Any CPU = Release|Any CPU
	EndGlobalSection
	GlobalSection(ProjectConfigurationPlatforms) = postSolution
		{A612EC21-5381-4A07-9F8A-91870447FCAC}.Debug|Any CPU.ActiveCfg = Debug|Any CPU
		{A612EC21-5381-4A07-9F8A-91870447FCAC}.Debug|Any CPU.Build.0 = Debug|Any CPU
		{A612EC21-5381-4A07-9F8A-91870447FCAC}.Release|Any CPU.ActiveCfg = Release|Any CPU
		{A612EC21-5381-4A07-9F8A-91870447FCAC}.Release|Any CPU.Build.0 = Release|Any CPU
	EndGlobalSection
	GlobalSection(SolutionProperties) = preSolution
		HideSolutionNode = FALSE
	EndGlobalSection
	GlobalSection(ExtensibilityGlobals) = postSolution
		SolutionGuid = {7C668F6A-596B-4518-BC0B-2138B73EE190}
	EndGlobalSection
EndGlobal
