
Microsoft Visual Studio Solution File, Format Version 12.00
# Visual Studio Version 17
VisualStudioVersion = 17.1.32210.238
MinimumVisualStudioVersion = 10.0.40219.1
Project("{FAE04EC0-301F-11D3-BF4B-00C04F79EFBC}") = "l9t32", "l9t32.csproj", "{3D2140A1-F0F3-4085-911C-98D3DCF458F3}"
EndProject
Global
	GlobalSection(SolutionConfigurationPlatforms) = preSolution
		Debug|Any CPU = Debug|Any CPU
		Release|Any CPU = Release|Any CPU
	EndGlobalSection
	GlobalSection(ProjectConfigurationPlatforms) = postSolution
		{3D2140A1-F0F3-4085-911C-98D3DCF458F3}.Debug|Any CPU.ActiveCfg = Debug|Any CPU
		{3D2140A1-F0F3-4085-911C-98D3DCF458F3}.Debug|Any CPU.Build.0 = Debug|Any CPU
		{3D2140A1-F0F3-4085-911C-98D3DCF458F3}.Release|Any CPU.ActiveCfg = Release|Any CPU
		{3D2140A1-F0F3-4085-911C-98D3DCF458F3}.Release|Any CPU.Build.0 = Release|Any CPU
	EndGlobalSection
	GlobalSection(SolutionProperties) = preSolution
		HideSolutionNode = FALSE
	EndGlobalSection
	GlobalSection(ExtensibilityGlobals) = postSolution
		SolutionGuid = {F7AB816E-80A6-4A46-A283-F7AC7B6474EC}
	EndGlobalSection
EndGlobal
