
Microsoft Visual Studio Solution File, Format Version 12.00
# Visual Studio Version 17
VisualStudioVersion = 17.1.32210.238
MinimumVisualStudioVersion = 10.0.40219.1
Project("{FAE04EC0-301F-11D3-BF4B-00C04F79EFBC}") = "l4t27", "l4t27.csproj", "{1A2C78BA-6726-453C-8A84-29CC1C5BAC2D}"
EndProject
Global
	GlobalSection(SolutionConfigurationPlatforms) = preSolution
		Debug|Any CPU = Debug|Any CPU
		Release|Any CPU = Release|Any CPU
	EndGlobalSection
	GlobalSection(ProjectConfigurationPlatforms) = postSolution
		{1A2C78BA-6726-453C-8A84-29CC1C5BAC2D}.Debug|Any CPU.ActiveCfg = Debug|Any CPU
		{1A2C78BA-6726-453C-8A84-29CC1C5BAC2D}.Debug|Any CPU.Build.0 = Debug|Any CPU
		{1A2C78BA-6726-453C-8A84-29CC1C5BAC2D}.Release|Any CPU.ActiveCfg = Release|Any CPU
		{1A2C78BA-6726-453C-8A84-29CC1C5BAC2D}.Release|Any CPU.Build.0 = Release|Any CPU
	EndGlobalSection
	GlobalSection(SolutionProperties) = preSolution
		HideSolutionNode = FALSE
	EndGlobalSection
	GlobalSection(ExtensibilityGlobals) = postSolution
		SolutionGuid = {3F8DFB4B-5D57-4E16-A540-B28B525495FF}
	EndGlobalSection
EndGlobal
