
Microsoft Visual Studio Solution File, Format Version 12.00
# Visual Studio Version 17
VisualStudioVersion = 17.1.32210.238
MinimumVisualStudioVersion = 10.0.40219.1
Project("{FAE04EC0-301F-11D3-BF4B-00C04F79EFBC}") = "l8t15", "l8t15.csproj", "{F519FAE3-08AA-4D69-B3DB-D1AE0FE09C3F}"
EndProject
Global
	GlobalSection(SolutionConfigurationPlatforms) = preSolution
		Debug|Any CPU = Debug|Any CPU
		Release|Any CPU = Release|Any CPU
	EndGlobalSection
	GlobalSection(ProjectConfigurationPlatforms) = postSolution
		{F519FAE3-08AA-4D69-B3DB-D1AE0FE09C3F}.Debug|Any CPU.ActiveCfg = Debug|Any CPU
		{F519FAE3-08AA-4D69-B3DB-D1AE0FE09C3F}.Debug|Any CPU.Build.0 = Debug|Any CPU
		{F519FAE3-08AA-4D69-B3DB-D1AE0FE09C3F}.Release|Any CPU.ActiveCfg = Release|Any CPU
		{F519FAE3-08AA-4D69-B3DB-D1AE0FE09C3F}.Release|Any CPU.Build.0 = Release|Any CPU
	EndGlobalSection
	GlobalSection(SolutionProperties) = preSolution
		HideSolutionNode = FALSE
	EndGlobalSection
	GlobalSection(ExtensibilityGlobals) = postSolution
		SolutionGuid = {3C7A41A4-0B93-46A5-84B2-72E79D665A07}
	EndGlobalSection
EndGlobal
