
Microsoft Visual Studio Solution File, Format Version 12.00
# Visual Studio Version 17
VisualStudioVersion = 17.1.32210.238
MinimumVisualStudioVersion = 10.0.40219.1
Project("{FAE04EC0-301F-11D3-BF4B-00C04F79EFBC}") = "l5t25", "l5t25.csproj", "{BA0CCCEC-F71A-44F4-9C5E-41303CAFAE55}"
EndProject
Global
	GlobalSection(SolutionConfigurationPlatforms) = preSolution
		Debug|Any CPU = Debug|Any CPU
		Release|Any CPU = Release|Any CPU
	EndGlobalSection
	GlobalSection(ProjectConfigurationPlatforms) = postSolution
		{BA0CCCEC-F71A-44F4-9C5E-41303CAFAE55}.Debug|Any CPU.ActiveCfg = Debug|Any CPU
		{BA0CCCEC-F71A-44F4-9C5E-41303CAFAE55}.Debug|Any CPU.Build.0 = Debug|Any CPU
		{BA0CCCEC-F71A-44F4-9C5E-41303CAFAE55}.Release|Any CPU.ActiveCfg = Release|Any CPU
		{BA0CCCEC-F71A-44F4-9C5E-41303CAFAE55}.Release|Any CPU.Build.0 = Release|Any CPU
	EndGlobalSection
	GlobalSection(SolutionProperties) = preSolution
		HideSolutionNode = FALSE
	EndGlobalSection
	GlobalSection(ExtensibilityGlobals) = postSolution
		SolutionGuid = {041017CB-A08B-4A48-A7BB-BBE4E6D7B0CA}
	EndGlobalSection
EndGlobal
