
Microsoft Visual Studio Solution File, Format Version 12.00
# Visual Studio Version 17
VisualStudioVersion = 17.1.32210.238
MinimumVisualStudioVersion = 10.0.40219.1
Project("{FAE04EC0-301F-11D3-BF4B-00C04F79EFBC}") = "l8t4", "l8t4.csproj", "{9C1FEF7B-8A1F-459C-9A3E-37727DFED034}"
EndProject
Global
	GlobalSection(SolutionConfigurationPlatforms) = preSolution
		Debug|Any CPU = Debug|Any CPU
		Release|Any CPU = Release|Any CPU
	EndGlobalSection
	GlobalSection(ProjectConfigurationPlatforms) = postSolution
		{9C1FEF7B-8A1F-459C-9A3E-37727DFED034}.Debug|Any CPU.ActiveCfg = Debug|Any CPU
		{9C1FEF7B-8A1F-459C-9A3E-37727DFED034}.Debug|Any CPU.Build.0 = Debug|Any CPU
		{9C1FEF7B-8A1F-459C-9A3E-37727DFED034}.Release|Any CPU.ActiveCfg = Release|Any CPU
		{9C1FEF7B-8A1F-459C-9A3E-37727DFED034}.Release|Any CPU.Build.0 = Release|Any CPU
	EndGlobalSection
	GlobalSection(SolutionProperties) = preSolution
		HideSolutionNode = FALSE
	EndGlobalSection
	GlobalSection(ExtensibilityGlobals) = postSolution
		SolutionGuid = {AD9F1DE9-338F-43B7-ABBE-6C1F72563194}
	EndGlobalSection
EndGlobal
