
Microsoft Visual Studio Solution File, Format Version 12.00
# Visual Studio Version 17
VisualStudioVersion = 17.1.32210.238
MinimumVisualStudioVersion = 10.0.40219.1
Project("{FAE04EC0-301F-11D3-BF4B-00C04F79EFBC}") = "l8t11", "l8t11.csproj", "{F01D004B-4F6D-4F0B-807B-554F1747A26A}"
EndProject
Global
	GlobalSection(SolutionConfigurationPlatforms) = preSolution
		Debug|Any CPU = Debug|Any CPU
		Release|Any CPU = Release|Any CPU
	EndGlobalSection
	GlobalSection(ProjectConfigurationPlatforms) = postSolution
		{F01D004B-4F6D-4F0B-807B-554F1747A26A}.Debug|Any CPU.ActiveCfg = Debug|Any CPU
		{F01D004B-4F6D-4F0B-807B-554F1747A26A}.Debug|Any CPU.Build.0 = Debug|Any CPU
		{F01D004B-4F6D-4F0B-807B-554F1747A26A}.Release|Any CPU.ActiveCfg = Release|Any CPU
		{F01D004B-4F6D-4F0B-807B-554F1747A26A}.Release|Any CPU.Build.0 = Release|Any CPU
	EndGlobalSection
	GlobalSection(SolutionProperties) = preSolution
		HideSolutionNode = FALSE
	EndGlobalSection
	GlobalSection(ExtensibilityGlobals) = postSolution
		SolutionGuid = {8C7D6393-5B35-418C-B60E-709A82E829F0}
	EndGlobalSection
EndGlobal
