
Microsoft Visual Studio Solution File, Format Version 12.00
# Visual Studio Version 17
VisualStudioVersion = 17.1.32210.238
MinimumVisualStudioVersion = 10.0.40219.1
Project("{FAE04EC0-301F-11D3-BF4B-00C04F79EFBC}") = "l6t5", "l6t5.csproj", "{A49CD3D0-F420-48AE-B51B-E02E97C5D52C}"
EndProject
Global
	GlobalSection(SolutionConfigurationPlatforms) = preSolution
		Debug|Any CPU = Debug|Any CPU
		Release|Any CPU = Release|Any CPU
	EndGlobalSection
	GlobalSection(ProjectConfigurationPlatforms) = postSolution
		{A49CD3D0-F420-48AE-B51B-E02E97C5D52C}.Debug|Any CPU.ActiveCfg = Debug|Any CPU
		{A49CD3D0-F420-48AE-B51B-E02E97C5D52C}.Debug|Any CPU.Build.0 = Debug|Any CPU
		{A49CD3D0-F420-48AE-B51B-E02E97C5D52C}.Release|Any CPU.ActiveCfg = Release|Any CPU
		{A49CD3D0-F420-48AE-B51B-E02E97C5D52C}.Release|Any CPU.Build.0 = Release|Any CPU
	EndGlobalSection
	GlobalSection(SolutionProperties) = preSolution
		HideSolutionNode = FALSE
	EndGlobalSection
	GlobalSection(ExtensibilityGlobals) = postSolution
		SolutionGuid = {1D221FD2-69FA-468E-8654-F542427E2FF7}
	EndGlobalSection
EndGlobal
