
Microsoft Visual Studio Solution File, Format Version 12.00
# Visual Studio Version 17
VisualStudioVersion = 17.1.32210.238
MinimumVisualStudioVersion = 10.0.40219.1
Project("{FAE04EC0-301F-11D3-BF4B-00C04F79EFBC}") = "l3t27", "l3t27.csproj", "{BFC2B629-642F-4418-A000-2A5434949EB7}"
EndProject
Global
	GlobalSection(SolutionConfigurationPlatforms) = preSolution
		Debug|Any CPU = Debug|Any CPU
		Release|Any CPU = Release|Any CPU
	EndGlobalSection
	GlobalSection(ProjectConfigurationPlatforms) = postSolution
		{BFC2B629-642F-4418-A000-2A5434949EB7}.Debug|Any CPU.ActiveCfg = Debug|Any CPU
		{BFC2B629-642F-4418-A000-2A5434949EB7}.Debug|Any CPU.Build.0 = Debug|Any CPU
		{BFC2B629-642F-4418-A000-2A5434949EB7}.Release|Any CPU.ActiveCfg = Release|Any CPU
		{BFC2B629-642F-4418-A000-2A5434949EB7}.Release|Any CPU.Build.0 = Release|Any CPU
	EndGlobalSection
	GlobalSection(SolutionProperties) = preSolution
		HideSolutionNode = FALSE
	EndGlobalSection
	GlobalSection(ExtensibilityGlobals) = postSolution
		SolutionGuid = {D9944E20-1C30-42FB-B7E8-C343FE71C8A5}
	EndGlobalSection
EndGlobal
