
Microsoft Visual Studio Solution File, Format Version 12.00
# Visual Studio Version 17
VisualStudioVersion = 17.1.32210.238
MinimumVisualStudioVersion = 10.0.40219.1
Project("{FAE04EC0-301F-11D3-BF4B-00C04F79EFBC}") = "l9t8", "l9t8.csproj", "{9D4033F0-B9C3-49B4-8D8F-B997957B1B63}"
EndProject
Global
	GlobalSection(SolutionConfigurationPlatforms) = preSolution
		Debug|Any CPU = Debug|Any CPU
		Release|Any CPU = Release|Any CPU
	EndGlobalSection
	GlobalSection(ProjectConfigurationPlatforms) = postSolution
		{9D4033F0-B9C3-49B4-8D8F-B997957B1B63}.Debug|Any CPU.ActiveCfg = Debug|Any CPU
		{9D4033F0-B9C3-49B4-8D8F-B997957B1B63}.Debug|Any CPU.Build.0 = Debug|Any CPU
		{9D4033F0-B9C3-49B4-8D8F-B997957B1B63}.Release|Any CPU.ActiveCfg = Release|Any CPU
		{9D4033F0-B9C3-49B4-8D8F-B997957B1B63}.Release|Any CPU.Build.0 = Release|Any CPU
	EndGlobalSection
	GlobalSection(SolutionProperties) = preSolution
		HideSolutionNode = FALSE
	EndGlobalSection
	GlobalSection(ExtensibilityGlobals) = postSolution
		SolutionGuid = {74B2BA1A-9BEE-48DC-B9C0-8B3CD1A6FA07}
	EndGlobalSection
EndGlobal
