
Microsoft Visual Studio Solution File, Format Version 12.00
# Visual Studio Version 17
VisualStudioVersion = 17.1.32210.238
MinimumVisualStudioVersion = 10.0.40219.1
Project("{FAE04EC0-301F-11D3-BF4B-00C04F79EFBC}") = "l3t23", "l3t23.csproj", "{6ECF0D27-92CD-40E6-83B4-1B56618DCC45}"
EndProject
Global
	GlobalSection(SolutionConfigurationPlatforms) = preSolution
		Debug|Any CPU = Debug|Any CPU
		Release|Any CPU = Release|Any CPU
	EndGlobalSection
	GlobalSection(ProjectConfigurationPlatforms) = postSolution
		{6ECF0D27-92CD-40E6-83B4-1B56618DCC45}.Debug|Any CPU.ActiveCfg = Debug|Any CPU
		{6ECF0D27-92CD-40E6-83B4-1B56618DCC45}.Debug|Any CPU.Build.0 = Debug|Any CPU
		{6ECF0D27-92CD-40E6-83B4-1B56618DCC45}.Release|Any CPU.ActiveCfg = Release|Any CPU
		{6ECF0D27-92CD-40E6-83B4-1B56618DCC45}.Release|Any CPU.Build.0 = Release|Any CPU
	EndGlobalSection
	GlobalSection(SolutionProperties) = preSolution
		HideSolutionNode = FALSE
	EndGlobalSection
	GlobalSection(ExtensibilityGlobals) = postSolution
		SolutionGuid = {19670860-6BA3-42CC-AC66-F2E9F0389BDB}
	EndGlobalSection
EndGlobal
