
Microsoft Visual Studio Solution File, Format Version 12.00
# Visual Studio Version 17
VisualStudioVersion = 17.1.32210.238
MinimumVisualStudioVersion = 10.0.40219.1
Project("{FAE04EC0-301F-11D3-BF4B-00C04F79EFBC}") = "l9t11", "l9t11.csproj", "{BDAD48CB-C45D-4084-AB55-155A691F2E12}"
EndProject
Global
	GlobalSection(SolutionConfigurationPlatforms) = preSolution
		Debug|Any CPU = Debug|Any CPU
		Release|Any CPU = Release|Any CPU
	EndGlobalSection
	GlobalSection(ProjectConfigurationPlatforms) = postSolution
		{BDAD48CB-C45D-4084-AB55-155A691F2E12}.Debug|Any CPU.ActiveCfg = Debug|Any CPU
		{BDAD48CB-C45D-4084-AB55-155A691F2E12}.Debug|Any CPU.Build.0 = Debug|Any CPU
		{BDAD48CB-C45D-4084-AB55-155A691F2E12}.Release|Any CPU.ActiveCfg = Release|Any CPU
		{BDAD48CB-C45D-4084-AB55-155A691F2E12}.Release|Any CPU.Build.0 = Release|Any CPU
	EndGlobalSection
	GlobalSection(SolutionProperties) = preSolution
		HideSolutionNode = FALSE
	EndGlobalSection
	GlobalSection(ExtensibilityGlobals) = postSolution
		SolutionGuid = {1CEC4230-FC91-4FD9-8CA0-4D0BA1CDF3E4}
	EndGlobalSection
EndGlobal
