
Microsoft Visual Studio Solution File, Format Version 12.00
# Visual Studio Version 17
VisualStudioVersion = 17.1.32210.238
MinimumVisualStudioVersion = 10.0.40219.1
Project("{FAE04EC0-301F-11D3-BF4B-00C04F79EFBC}") = "l4t7", "l4t7.csproj", "{A1F7D008-FAD4-4BAE-BAA3-B929E9F9E8C5}"
EndProject
Global
	GlobalSection(SolutionConfigurationPlatforms) = preSolution
		Debug|Any CPU = Debug|Any CPU
		Release|Any CPU = Release|Any CPU
	EndGlobalSection
	GlobalSection(ProjectConfigurationPlatforms) = postSolution
		{A1F7D008-FAD4-4BAE-BAA3-B929E9F9E8C5}.Debug|Any CPU.ActiveCfg = Debug|Any CPU
		{A1F7D008-FAD4-4BAE-BAA3-B929E9F9E8C5}.Debug|Any CPU.Build.0 = Debug|Any CPU
		{A1F7D008-FAD4-4BAE-BAA3-B929E9F9E8C5}.Release|Any CPU.ActiveCfg = Release|Any CPU
		{A1F7D008-FAD4-4BAE-BAA3-B929E9F9E8C5}.Release|Any CPU.Build.0 = Release|Any CPU
	EndGlobalSection
	GlobalSection(SolutionProperties) = preSolution
		HideSolutionNode = FALSE
	EndGlobalSection
	GlobalSection(ExtensibilityGlobals) = postSolution
		SolutionGuid = {B3798501-3669-42ED-B09D-07190D768BEA}
	EndGlobalSection
EndGlobal
