
Microsoft Visual Studio Solution File, Format Version 12.00
# Visual Studio Version 17
VisualStudioVersion = 17.1.32210.238
MinimumVisualStudioVersion = 10.0.40219.1
Project("{FAE04EC0-301F-11D3-BF4B-00C04F79EFBC}") = "l5t4", "l5t4.csproj", "{4B9474A6-5479-4411-AABC-7E40D9AFFCC1}"
EndProject
Global
	GlobalSection(SolutionConfigurationPlatforms) = preSolution
		Debug|Any CPU = Debug|Any CPU
		Release|Any CPU = Release|Any CPU
	EndGlobalSection
	GlobalSection(ProjectConfigurationPlatforms) = postSolution
		{4B9474A6-5479-4411-AABC-7E40D9AFFCC1}.Debug|Any CPU.ActiveCfg = Debug|Any CPU
		{4B9474A6-5479-4411-AABC-7E40D9AFFCC1}.Debug|Any CPU.Build.0 = Debug|Any CPU
		{4B9474A6-5479-4411-AABC-7E40D9AFFCC1}.Release|Any CPU.ActiveCfg = Release|Any CPU
		{4B9474A6-5479-4411-AABC-7E40D9AFFCC1}.Release|Any CPU.Build.0 = Release|Any CPU
	EndGlobalSection
	GlobalSection(SolutionProperties) = preSolution
		HideSolutionNode = FALSE
	EndGlobalSection
	GlobalSection(ExtensibilityGlobals) = postSolution
		SolutionGuid = {35B4ACBF-36B3-4117-9082-F5F8C84DE0C5}
	EndGlobalSection
EndGlobal
