
Microsoft Visual Studio Solution File, Format Version 12.00
# Visual Studio Version 17
VisualStudioVersion = 17.1.32210.238
MinimumVisualStudioVersion = 10.0.40219.1
Project("{FAE04EC0-301F-11D3-BF4B-00C04F79EFBC}") = "l5t26", "l5t26.csproj", "{30E68541-AC6C-4182-A383-0A9D3D775D16}"
EndProject
Global
	GlobalSection(SolutionConfigurationPlatforms) = preSolution
		Debug|Any CPU = Debug|Any CPU
		Release|Any CPU = Release|Any CPU
	EndGlobalSection
	GlobalSection(ProjectConfigurationPlatforms) = postSolution
		{30E68541-AC6C-4182-A383-0A9D3D775D16}.Debug|Any CPU.ActiveCfg = Debug|Any CPU
		{30E68541-AC6C-4182-A383-0A9D3D775D16}.Debug|Any CPU.Build.0 = Debug|Any CPU
		{30E68541-AC6C-4182-A383-0A9D3D775D16}.Release|Any CPU.ActiveCfg = Release|Any CPU
		{30E68541-AC6C-4182-A383-0A9D3D775D16}.Release|Any CPU.Build.0 = Release|Any CPU
	EndGlobalSection
	GlobalSection(SolutionProperties) = preSolution
		HideSolutionNode = FALSE
	EndGlobalSection
	GlobalSection(ExtensibilityGlobals) = postSolution
		SolutionGuid = {C3CA5049-A826-4EE7-AC61-FF1617945B57}
	EndGlobalSection
EndGlobal
