
Microsoft Visual Studio Solution File, Format Version 12.00
# Visual Studio Version 17
VisualStudioVersion = 17.1.32210.238
MinimumVisualStudioVersion = 10.0.40219.1
Project("{FAE04EC0-301F-11D3-BF4B-00C04F79EFBC}") = "l5t9", "l5t9.csproj", "{46C7D852-044B-4C55-BAB4-04E6D06E4ED3}"
EndProject
Global
	GlobalSection(SolutionConfigurationPlatforms) = preSolution
		Debug|Any CPU = Debug|Any CPU
		Release|Any CPU = Release|Any CPU
	EndGlobalSection
	GlobalSection(ProjectConfigurationPlatforms) = postSolution
		{46C7D852-044B-4C55-BAB4-04E6D06E4ED3}.Debug|Any CPU.ActiveCfg = Debug|Any CPU
		{46C7D852-044B-4C55-BAB4-04E6D06E4ED3}.Debug|Any CPU.Build.0 = Debug|Any CPU
		{46C7D852-044B-4C55-BAB4-04E6D06E4ED3}.Release|Any CPU.ActiveCfg = Release|Any CPU
		{46C7D852-044B-4C55-BAB4-04E6D06E4ED3}.Release|Any CPU.Build.0 = Release|Any CPU
	EndGlobalSection
	GlobalSection(SolutionProperties) = preSolution
		HideSolutionNode = FALSE
	EndGlobalSection
	GlobalSection(ExtensibilityGlobals) = postSolution
		SolutionGuid = {C8C26776-11DF-4B66-BB0F-62B1879677F5}
	EndGlobalSection
EndGlobal
