
Microsoft Visual Studio Solution File, Format Version 12.00
# Visual Studio Version 17
VisualStudioVersion = 17.1.32210.238
MinimumVisualStudioVersion = 10.0.40219.1
Project("{FAE04EC0-301F-11D3-BF4B-00C04F79EFBC}") = "l3t3", "l3t3.csproj", "{DB4770F5-3C21-4D83-AC9D-AACFBFA68A38}"
EndProject
Global
	GlobalSection(SolutionConfigurationPlatforms) = preSolution
		Debug|Any CPU = Debug|Any CPU
		Release|Any CPU = Release|Any CPU
	EndGlobalSection
	GlobalSection(ProjectConfigurationPlatforms) = postSolution
		{DB4770F5-3C21-4D83-AC9D-AACFBFA68A38}.Debug|Any CPU.ActiveCfg = Debug|Any CPU
		{DB4770F5-3C21-4D83-AC9D-AACFBFA68A38}.Debug|Any CPU.Build.0 = Debug|Any CPU
		{DB4770F5-3C21-4D83-AC9D-AACFBFA68A38}.Release|Any CPU.ActiveCfg = Release|Any CPU
		{DB4770F5-3C21-4D83-AC9D-AACFBFA68A38}.Release|Any CPU.Build.0 = Release|Any CPU
	EndGlobalSection
	GlobalSection(SolutionProperties) = preSolution
		HideSolutionNode = FALSE
	EndGlobalSection
	GlobalSection(ExtensibilityGlobals) = postSolution
		SolutionGuid = {F2AEB1C3-6EC6-4E22-95D9-739860317839}
	EndGlobalSection
EndGlobal
