
Microsoft Visual Studio Solution File, Format Version 12.00
# Visual Studio Version 17
VisualStudioVersion = 17.1.32210.238
MinimumVisualStudioVersion = 10.0.40219.1
Project("{FAE04EC0-301F-11D3-BF4B-00C04F79EFBC}") = "l5t37", "l5t37.csproj", "{B5CE6BFB-1D5C-4C1D-9AB8-B11A60D44A97}"
EndProject
Global
	GlobalSection(SolutionConfigurationPlatforms) = preSolution
		Debug|Any CPU = Debug|Any CPU
		Release|Any CPU = Release|Any CPU
	EndGlobalSection
	GlobalSection(ProjectConfigurationPlatforms) = postSolution
		{B5CE6BFB-1D5C-4C1D-9AB8-B11A60D44A97}.Debug|Any CPU.ActiveCfg = Debug|Any CPU
		{B5CE6BFB-1D5C-4C1D-9AB8-B11A60D44A97}.Debug|Any CPU.Build.0 = Debug|Any CPU
		{B5CE6BFB-1D5C-4C1D-9AB8-B11A60D44A97}.Release|Any CPU.ActiveCfg = Release|Any CPU
		{B5CE6BFB-1D5C-4C1D-9AB8-B11A60D44A97}.Release|Any CPU.Build.0 = Release|Any CPU
	EndGlobalSection
	GlobalSection(SolutionProperties) = preSolution
		HideSolutionNode = FALSE
	EndGlobalSection
	GlobalSection(ExtensibilityGlobals) = postSolution
		SolutionGuid = {89184B4C-D2A4-487D-B871-C5E5D6F4F768}
	EndGlobalSection
EndGlobal
