
Microsoft Visual Studio Solution File, Format Version 12.00
# Visual Studio Version 17
VisualStudioVersion = 17.1.32210.238
MinimumVisualStudioVersion = 10.0.40219.1
Project("{FAE04EC0-301F-11D3-BF4B-00C04F79EFBC}") = "l3t21", "l3t21.csproj", "{ED27698D-FB3C-46F9-AAEA-AD9A9DCFD662}"
EndProject
Global
	GlobalSection(SolutionConfigurationPlatforms) = preSolution
		Debug|Any CPU = Debug|Any CPU
		Release|Any CPU = Release|Any CPU
	EndGlobalSection
	GlobalSection(ProjectConfigurationPlatforms) = postSolution
		{ED27698D-FB3C-46F9-AAEA-AD9A9DCFD662}.Debug|Any CPU.ActiveCfg = Debug|Any CPU
		{ED27698D-FB3C-46F9-AAEA-AD9A9DCFD662}.Debug|Any CPU.Build.0 = Debug|Any CPU
		{ED27698D-FB3C-46F9-AAEA-AD9A9DCFD662}.Release|Any CPU.ActiveCfg = Release|Any CPU
		{ED27698D-FB3C-46F9-AAEA-AD9A9DCFD662}.Release|Any CPU.Build.0 = Release|Any CPU
	EndGlobalSection
	GlobalSection(SolutionProperties) = preSolution
		HideSolutionNode = FALSE
	EndGlobalSection
	GlobalSection(ExtensibilityGlobals) = postSolution
		SolutionGuid = {267D3114-77EB-4F1C-827B-516094CCA69E}
	EndGlobalSection
EndGlobal
