
Microsoft Visual Studio Solution File, Format Version 12.00
# Visual Studio Version 17
VisualStudioVersion = 17.1.32210.238
MinimumVisualStudioVersion = 10.0.40219.1
Project("{FAE04EC0-301F-11D3-BF4B-00C04F79EFBC}") = "l4t13", "l4t13.csproj", "{070E91D0-1CBA-48EB-BB52-0499E9C30E32}"
EndProject
Global
	GlobalSection(SolutionConfigurationPlatforms) = preSolution
		Debug|Any CPU = Debug|Any CPU
		Release|Any CPU = Release|Any CPU
	EndGlobalSection
	GlobalSection(ProjectConfigurationPlatforms) = postSolution
		{070E91D0-1CBA-48EB-BB52-0499E9C30E32}.Debug|Any CPU.ActiveCfg = Debug|Any CPU
		{070E91D0-1CBA-48EB-BB52-0499E9C30E32}.Debug|Any CPU.Build.0 = Debug|Any CPU
		{070E91D0-1CBA-48EB-BB52-0499E9C30E32}.Release|Any CPU.ActiveCfg = Release|Any CPU
		{070E91D0-1CBA-48EB-BB52-0499E9C30E32}.Release|Any CPU.Build.0 = Release|Any CPU
	EndGlobalSection
	GlobalSection(SolutionProperties) = preSolution
		HideSolutionNode = FALSE
	EndGlobalSection
	GlobalSection(ExtensibilityGlobals) = postSolution
		SolutionGuid = {4F6FD9E0-3185-4BCC-A7DF-364C555C098A}
	EndGlobalSection
EndGlobal
