
Microsoft Visual Studio Solution File, Format Version 12.00
# Visual Studio Version 17
VisualStudioVersion = 17.1.32210.238
MinimumVisualStudioVersion = 10.0.40219.1
Project("{FAE04EC0-301F-11D3-BF4B-00C04F79EFBC}") = "l8t16", "l8t16.csproj", "{70DFE255-9D36-4C24-99EE-D7FB631B350D}"
EndProject
Global
	GlobalSection(SolutionConfigurationPlatforms) = preSolution
		Debug|Any CPU = Debug|Any CPU
		Release|Any CPU = Release|Any CPU
	EndGlobalSection
	GlobalSection(ProjectConfigurationPlatforms) = postSolution
		{70DFE255-9D36-4C24-99EE-D7FB631B350D}.Debug|Any CPU.ActiveCfg = Debug|Any CPU
		{70DFE255-9D36-4C24-99EE-D7FB631B350D}.Debug|Any CPU.Build.0 = Debug|Any CPU
		{70DFE255-9D36-4C24-99EE-D7FB631B350D}.Release|Any CPU.ActiveCfg = Release|Any CPU
		{70DFE255-9D36-4C24-99EE-D7FB631B350D}.Release|Any CPU.Build.0 = Release|Any CPU
	EndGlobalSection
	GlobalSection(SolutionProperties) = preSolution
		HideSolutionNode = FALSE
	EndGlobalSection
	GlobalSection(ExtensibilityGlobals) = postSolution
		SolutionGuid = {86B60CBF-B9A9-4510-84EE-901E93684758}
	EndGlobalSection
EndGlobal
