
Microsoft Visual Studio Solution File, Format Version 12.00
# Visual Studio Version 17
VisualStudioVersion = 17.1.32210.238
MinimumVisualStudioVersion = 10.0.40219.1
Project("{FAE04EC0-301F-11D3-BF4B-00C04F79EFBC}") = "l6t10", "l6t10.csproj", "{C55C7228-F129-4124-91CD-B5EF65145CF0}"
EndProject
Global
	GlobalSection(SolutionConfigurationPlatforms) = preSolution
		Debug|Any CPU = Debug|Any CPU
		Release|Any CPU = Release|Any CPU
	EndGlobalSection
	GlobalSection(ProjectConfigurationPlatforms) = postSolution
		{C55C7228-F129-4124-91CD-B5EF65145CF0}.Debug|Any CPU.ActiveCfg = Debug|Any CPU
		{C55C7228-F129-4124-91CD-B5EF65145CF0}.Debug|Any CPU.Build.0 = Debug|Any CPU
		{C55C7228-F129-4124-91CD-B5EF65145CF0}.Release|Any CPU.ActiveCfg = Release|Any CPU
		{C55C7228-F129-4124-91CD-B5EF65145CF0}.Release|Any CPU.Build.0 = Release|Any CPU
	EndGlobalSection
	GlobalSection(SolutionProperties) = preSolution
		HideSolutionNode = FALSE
	EndGlobalSection
	GlobalSection(ExtensibilityGlobals) = postSolution
		SolutionGuid = {E266D830-188D-4AAA-9DAF-2A48CD48F5D0}
	EndGlobalSection
EndGlobal
