
Microsoft Visual Studio Solution File, Format Version 12.00
# Visual Studio Version 17
VisualStudioVersion = 17.1.32210.238
MinimumVisualStudioVersion = 10.0.40219.1
Project("{FAE04EC0-301F-11D3-BF4B-00C04F79EFBC}") = "l3t4", "l3t4.csproj", "{AF13E4B3-202C-4E98-8443-3EA43E25E26C}"
EndProject
Global
	GlobalSection(SolutionConfigurationPlatforms) = preSolution
		Debug|Any CPU = Debug|Any CPU
		Release|Any CPU = Release|Any CPU
	EndGlobalSection
	GlobalSection(ProjectConfigurationPlatforms) = postSolution
		{AF13E4B3-202C-4E98-8443-3EA43E25E26C}.Debug|Any CPU.ActiveCfg = Debug|Any CPU
		{AF13E4B3-202C-4E98-8443-3EA43E25E26C}.Debug|Any CPU.Build.0 = Debug|Any CPU
		{AF13E4B3-202C-4E98-8443-3EA43E25E26C}.Release|Any CPU.ActiveCfg = Release|Any CPU
		{AF13E4B3-202C-4E98-8443-3EA43E25E26C}.Release|Any CPU.Build.0 = Release|Any CPU
	EndGlobalSection
	GlobalSection(SolutionProperties) = preSolution
		HideSolutionNode = FALSE
	EndGlobalSection
	GlobalSection(ExtensibilityGlobals) = postSolution
		SolutionGuid = {FBD2ADF6-5175-49EA-84E4-0A7E3EA7F8FB}
	EndGlobalSection
EndGlobal
