
Microsoft Visual Studio Solution File, Format Version 12.00
# Visual Studio Version 17
VisualStudioVersion = 17.1.32210.238
MinimumVisualStudioVersion = 10.0.40219.1
Project("{FAE04EC0-301F-11D3-BF4B-00C04F79EFBC}") = "l5t20", "l5t20.csproj", "{80FBE52A-D3FF-4C7B-9E68-CF516C7295B6}"
EndProject
Global
	GlobalSection(SolutionConfigurationPlatforms) = preSolution
		Debug|Any CPU = Debug|Any CPU
		Release|Any CPU = Release|Any CPU
	EndGlobalSection
	GlobalSection(ProjectConfigurationPlatforms) = postSolution
		{80FBE52A-D3FF-4C7B-9E68-CF516C7295B6}.Debug|Any CPU.ActiveCfg = Debug|Any CPU
		{80FBE52A-D3FF-4C7B-9E68-CF516C7295B6}.Debug|Any CPU.Build.0 = Debug|Any CPU
		{80FBE52A-D3FF-4C7B-9E68-CF516C7295B6}.Release|Any CPU.ActiveCfg = Release|Any CPU
		{80FBE52A-D3FF-4C7B-9E68-CF516C7295B6}.Release|Any CPU.Build.0 = Release|Any CPU
	EndGlobalSection
	GlobalSection(SolutionProperties) = preSolution
		HideSolutionNode = FALSE
	EndGlobalSection
	GlobalSection(ExtensibilityGlobals) = postSolution
		SolutionGuid = {394B26F2-0855-4CA8-B6C5-499C22957400}
	EndGlobalSection
EndGlobal
