
Microsoft Visual Studio Solution File, Format Version 12.00
# Visual Studio Version 17
VisualStudioVersion = 17.1.32210.238
MinimumVisualStudioVersion = 10.0.40219.1
Project("{FAE04EC0-301F-11D3-BF4B-00C04F79EFBC}") = "l4t26", "l4t26.csproj", "{F9C2FB66-1335-4699-ABF2-9D4884DA1EA2}"
EndProject
Global
	GlobalSection(SolutionConfigurationPlatforms) = preSolution
		Debug|Any CPU = Debug|Any CPU
		Release|Any CPU = Release|Any CPU
	EndGlobalSection
	GlobalSection(ProjectConfigurationPlatforms) = postSolution
		{F9C2FB66-1335-4699-ABF2-9D4884DA1EA2}.Debug|Any CPU.ActiveCfg = Debug|Any CPU
		{F9C2FB66-1335-4699-ABF2-9D4884DA1EA2}.Debug|Any CPU.Build.0 = Debug|Any CPU
		{F9C2FB66-1335-4699-ABF2-9D4884DA1EA2}.Release|Any CPU.ActiveCfg = Release|Any CPU
		{F9C2FB66-1335-4699-ABF2-9D4884DA1EA2}.Release|Any CPU.Build.0 = Release|Any CPU
	EndGlobalSection
	GlobalSection(SolutionProperties) = preSolution
		HideSolutionNode = FALSE
	EndGlobalSection
	GlobalSection(ExtensibilityGlobals) = postSolution
		SolutionGuid = {26BFE177-D331-4181-B6C9-481A01E8F320}
	EndGlobalSection
EndGlobal
