
Microsoft Visual Studio Solution File, Format Version 12.00
# Visual Studio Version 17
VisualStudioVersion = 17.1.32210.238
MinimumVisualStudioVersion = 10.0.40219.1
Project("{FAE04EC0-301F-11D3-BF4B-00C04F79EFBC}") = "l5t3", "l5t3.csproj", "{79D2050C-1663-4A6D-A5CE-FB12D796B7AF}"
EndProject
Global
	GlobalSection(SolutionConfigurationPlatforms) = preSolution
		Debug|Any CPU = Debug|Any CPU
		Release|Any CPU = Release|Any CPU
	EndGlobalSection
	GlobalSection(ProjectConfigurationPlatforms) = postSolution
		{79D2050C-1663-4A6D-A5CE-FB12D796B7AF}.Debug|Any CPU.ActiveCfg = Debug|Any CPU
		{79D2050C-1663-4A6D-A5CE-FB12D796B7AF}.Debug|Any CPU.Build.0 = Debug|Any CPU
		{79D2050C-1663-4A6D-A5CE-FB12D796B7AF}.Release|Any CPU.ActiveCfg = Release|Any CPU
		{79D2050C-1663-4A6D-A5CE-FB12D796B7AF}.Release|Any CPU.Build.0 = Release|Any CPU
	EndGlobalSection
	GlobalSection(SolutionProperties) = preSolution
		HideSolutionNode = FALSE
	EndGlobalSection
	GlobalSection(ExtensibilityGlobals) = postSolution
		SolutionGuid = {97578CBD-4C6A-471F-BD2A-4786F7C9503A}
	EndGlobalSection
EndGlobal
