
Microsoft Visual Studio Solution File, Format Version 12.00
# Visual Studio Version 17
VisualStudioVersion = 17.1.32210.238
MinimumVisualStudioVersion = 10.0.40219.1
Project("{FAE04EC0-301F-11D3-BF4B-00C04F79EFBC}") = "l3t22", "l3t22.csproj", "{A8302A32-E9A2-4170-95A3-AAC0C2B6D420}"
EndProject
Global
	GlobalSection(SolutionConfigurationPlatforms) = preSolution
		Debug|Any CPU = Debug|Any CPU
		Release|Any CPU = Release|Any CPU
	EndGlobalSection
	GlobalSection(ProjectConfigurationPlatforms) = postSolution
		{A8302A32-E9A2-4170-95A3-AAC0C2B6D420}.Debug|Any CPU.ActiveCfg = Debug|Any CPU
		{A8302A32-E9A2-4170-95A3-AAC0C2B6D420}.Debug|Any CPU.Build.0 = Debug|Any CPU
		{A8302A32-E9A2-4170-95A3-AAC0C2B6D420}.Release|Any CPU.ActiveCfg = Release|Any CPU
		{A8302A32-E9A2-4170-95A3-AAC0C2B6D420}.Release|Any CPU.Build.0 = Release|Any CPU
	EndGlobalSection
	GlobalSection(SolutionProperties) = preSolution
		HideSolutionNode = FALSE
	EndGlobalSection
	GlobalSection(ExtensibilityGlobals) = postSolution
		SolutionGuid = {DC15DB9B-3490-4968-BC80-816107D5C792}
	EndGlobalSection
EndGlobal
