
Microsoft Visual Studio Solution File, Format Version 12.00
# Visual Studio Version 17
VisualStudioVersion = 17.1.32210.238
MinimumVisualStudioVersion = 10.0.40219.1
Project("{FAE04EC0-301F-11D3-BF4B-00C04F79EFBC}") = "l5t28", "l5t28.csproj", "{096FE436-E658-4D4E-B84E-4DCC3B9125F8}"
EndProject
Global
	GlobalSection(SolutionConfigurationPlatforms) = preSolution
		Debug|Any CPU = Debug|Any CPU
		Release|Any CPU = Release|Any CPU
	EndGlobalSection
	GlobalSection(ProjectConfigurationPlatforms) = postSolution
		{096FE436-E658-4D4E-B84E-4DCC3B9125F8}.Debug|Any CPU.ActiveCfg = Debug|Any CPU
		{096FE436-E658-4D4E-B84E-4DCC3B9125F8}.Debug|Any CPU.Build.0 = Debug|Any CPU
		{096FE436-E658-4D4E-B84E-4DCC3B9125F8}.Release|Any CPU.ActiveCfg = Release|Any CPU
		{096FE436-E658-4D4E-B84E-4DCC3B9125F8}.Release|Any CPU.Build.0 = Release|Any CPU
	EndGlobalSection
	GlobalSection(SolutionProperties) = preSolution
		HideSolutionNode = FALSE
	EndGlobalSection
	GlobalSection(ExtensibilityGlobals) = postSolution
		SolutionGuid = {BDD2888A-496B-4213-BD88-B86E72B9878D}
	EndGlobalSection
EndGlobal
