
Microsoft Visual Studio Solution File, Format Version 12.00
# Visual Studio Version 17
VisualStudioVersion = 17.1.32210.238
MinimumVisualStudioVersion = 10.0.40219.1
Project("{FAE04EC0-301F-11D3-BF4B-00C04F79EFBC}") = "l2t4", "l2t4.csproj", "{09D293D3-9F56-4664-BF8E-8E737E7C2CBA}"
EndProject
Global
	GlobalSection(SolutionConfigurationPlatforms) = preSolution
		Debug|Any CPU = Debug|Any CPU
		Release|Any CPU = Release|Any CPU
	EndGlobalSection
	GlobalSection(ProjectConfigurationPlatforms) = postSolution
		{09D293D3-9F56-4664-BF8E-8E737E7C2CBA}.Debug|Any CPU.ActiveCfg = Debug|Any CPU
		{09D293D3-9F56-4664-BF8E-8E737E7C2CBA}.Debug|Any CPU.Build.0 = Debug|Any CPU
		{09D293D3-9F56-4664-BF8E-8E737E7C2CBA}.Release|Any CPU.ActiveCfg = Release|Any CPU
		{09D293D3-9F56-4664-BF8E-8E737E7C2CBA}.Release|Any CPU.Build.0 = Release|Any CPU
	EndGlobalSection
	GlobalSection(SolutionProperties) = preSolution
		HideSolutionNode = FALSE
	EndGlobalSection
	GlobalSection(ExtensibilityGlobals) = postSolution
		SolutionGuid = {92D70AD3-B99D-45BC-AF24-55968F8306BA}
	EndGlobalSection
EndGlobal
